github.com/aliriopos/HalloWelt/pkg1 v0.0.0-20241107222128-f3ea2fd3748c h1:ARoH4C47zEMpcu/vSltz75UyWrCdex3Wf/u4oBVX+XQ=
github.com/aliriopos/HalloWelt/pkg1 v0.0.0-20241107222128-f3ea2fd3748c/go.mod h1:notgaekvw2Vj7HsswYR03K6Ti+hpjWkVSVkc/Res2Jk=
github.com/aliriopos/HalloWelt/pkg2 v0.0.0-20241107222128-f3ea2fd3748c h1:HUpfbTaRupfgkgq6t55a9OP3tiw+cGD9ti7OxCZbBtg=
github.com/aliriopos/HalloWelt/pkg2 v0.0.0-20241107222128-f3ea2fd3748c/go.mod h1:nyk/P3t7uYOGIGtuJqlqO7kbX3L6AKArn5v+vZfQPos=
